<?xml version="1.0" encoding="utf-8"?>
<Project ToolsVersion="4.0" xmlns:atg="http://atg.xbox.com" xmlns="http://schemas.microsoft.com/developer/msbuild/2003">
  <ItemGroup>
    <Filter Include="Core">
      <UniqueIdentifier>{f1c49079-f7fd-4555-a07b-1ce67f667dd6}</UniqueIdentifier>
    </Filter>
    <Filter Include="Core\DXUT">
      <UniqueIdentifier>{a43c5c25-0e86-4a20-b64a-883785ff74fd}</UniqueIdentifier>
    </Filter>
    <Filter Include="Core\Main">
      <UniqueIdentifier>{58dbaedb-150f-4325-b1b4-18b1504e1070}</UniqueIdentifier>
    </Filter>
    <Filter Include="Core\Manager">
      <UniqueIdentifier>{44bd519b-6dec-45fe-8db8-d8c8576950fc}</UniqueIdentifier>
    </Filter>
    <Filter Include="Core\Manager\3DRender">
      <UniqueIdentifier>{ad7c2583-82a6-44be-9217-fadc4dac5a20}</UniqueIdentifier>
    </Filter>
    <Filter Include="Core\Manager\2DRender">
      <UniqueIdentifier>{cc44a7c7-e027-4d5f-9c40-5a331d1f89e9}</UniqueIdentifier>
    </Filter>
    <Filter Include="Core\Manager\Scene">
      <UniqueIdentifier>{cd0387e8-4e09-4ffe-8122-6a6a67e7ed07}</UniqueIdentifier>
    </Filter>
    <Filter Include="Core\Manager\Object">
      <UniqueIdentifier>{ab8f767c-66d4-4f43-aecb-76993167b745}</UniqueIdentifier>
    </Filter>
    <Filter Include="Core\Manager\Loader">
      <UniqueIdentifier>{88bdd816-5cac-4e91-a5c8-7260bbdbbe3c}</UniqueIdentifier>
    </Filter>
    <Filter Include="Core\Manager\Cam">
      <UniqueIdentifier>{ec1886d9-0673-405d-8ea0-c7d1627b8d97}</UniqueIdentifier>
    </Filter>
    <Filter Include="Core\Manager\Timer">
      <UniqueIdentifier>{5ccf6418-0643-4490-9f2d-30ff266306b1}</UniqueIdentifier>
    </Filter>
    <Filter Include="Core\Manager\Sound">
      <UniqueIdentifier>{b98aaad8-c516-4b51-8970-094a4c9d968b}</UniqueIdentifier>
    </Filter>
    <Filter Include="Object">
      <UniqueIdentifier>{afd932c1-b089-4219-85f2-dcd18ef6358a}</UniqueIdentifier>
    </Filter>
    <Filter Include="Scene">
      <UniqueIdentifier>{91e73c45-76ba-4bd6-afa5-3426a3830d10}</UniqueIdentifier>
    </Filter>
    <Filter Include="Core\Shaders">
      <UniqueIdentifier>{2c3d4c8c-5d1a-459a-a05a-a4e4b608a44e}</UniqueIdentifier>
      <Extensions>fx;fxh;hlsl</Extensions>
    </Filter>
    <Filter Include="Core\Resource Files">
      <UniqueIdentifier>{8e114980-c1a3-4ada-ad7c-83caadf5daeb}</UniqueIdentifier>
      <Extensions>rc;ico;cur;bmp;dlg;rc2;rct;bin;rgs;gif;jpg;jpeg;jpe</Extensions>
    </Filter>
  </ItemGroup>
  <ItemGroup>
    <None Include="DXUT\Optional\directx.ico">
      <Filter>Core\Resource Files</Filter>
    </None>
    <ClInclude Include="DXUT\Core\DXUT.h">
      <Filter>Core\DXUT</Filter>
    </ClInclude>
    <ClInclude Include="DXUT\Core\DXUTenum.h">
      <Filter>Core\DXUT</Filter>
    </ClInclude>
    <ClInclude Include="DXUT\Core\DXUTmisc.h">
      <Filter>Core\DXUT</Filter>
    </ClInclude>
    <ClCompile Include="DXUT\Core\DXUT.cpp">
      <Filter>Core\DXUT</Filter>
    </ClCompile>
    <ClCompile Include="DXUT\Core\DXUTenum.cpp">
      <Filter>Core\DXUT</Filter>
    </ClCompile>
    <ClCompile Include="DXUT\Core\DXUTmisc.cpp">
      <Filter>Core\DXUT</Filter>
    </ClCompile>
    <ClInclude Include="DXUT\Optional\DXUTcamera.h">
      <Filter>Core\DXUT</Filter>
    </ClInclude>
    <ClInclude Include="DXUT\Optional\DXUTgui.h">
      <Filter>Core\DXUT</Filter>
    </ClInclude>
    <ClInclude Include="DXUT\Optional\DXUTres.h">
      <Filter>Core\DXUT</Filter>
    </ClInclude>
    <ClInclude Include="DXUT\Optional\DXUTsettingsdlg.h">
      <Filter>Core\DXUT</Filter>
    </ClInclude>
    <ClInclude Include="DXUT\Optional\SDKmesh.h">
      <Filter>Core\DXUT</Filter>
    </ClInclude>
    <ClInclude Include="DXUT\Optional\SDKmisc.h">
      <Filter>Core\DXUT</Filter>
    </ClInclude>
    <ClCompile Include="DXUT\Optional\DXUTcamera.cpp">
      <Filter>Core\DXUT</Filter>
    </ClCompile>
    <ClCompile Include="DXUT\Optional\DXUTgui.cpp">
      <Filter>Core\DXUT</Filter>
    </ClCompile>
    <ClCompile Include="DXUT\Optional\DXUTres.cpp">
      <Filter>Core\DXUT</Filter>
    </ClCompile>
    <ClCompile Include="DXUT\Optional\DXUTsettingsdlg.cpp">
      <Filter>Core\DXUT</Filter>
    </ClCompile>
    <ClCompile Include="DXUT\Optional\SDKmesh.cpp">
      <Filter>Core\DXUT</Filter>
    </ClCompile>
    <ClCompile Include="DXUT\Optional\SDKmisc.cpp">
      <Filter>Core\DXUT</Filter>
    </ClCompile>
  </ItemGroup>
  <ItemGroup>
    <ClCompile Include="main.cpp">
      <Filter>Core\Main</Filter>
    </ClCompile>
    <ClCompile Include="cRenderManager.cpp">
      <Filter>Core\Manager\3DRender</Filter>
    </ClCompile>
    <ClCompile Include="cImageManager.cpp">
      <Filter>Core\Manager\Loader</Filter>
    </ClCompile>
    <ClCompile Include="Render2DManager.cpp">
      <Filter>Core\Manager\2DRender</Filter>
    </ClCompile>
    <ClCompile Include="Scene.cpp">
      <Filter>Core\Manager\Scene</Filter>
    </ClCompile>
    <ClCompile Include="SceneManager.cpp">
      <Filter>Core\Manager\Scene</Filter>
    </ClCompile>
    <ClCompile Include="ObjectManager.cpp">
      <Filter>Core\Manager\Object</Filter>
    </ClCompile>
    <ClCompile Include="Object.cpp">
      <Filter>Core\Manager\Object</Filter>
    </ClCompile>
    <ClCompile Include="cMeshLoader.cpp">
      <Filter>Core\Manager\Loader</Filter>
    </ClCompile>
    <ClCompile Include="CamManager.cpp">
      <Filter>Core\Manager\Cam</Filter>
    </ClCompile>
    <ClCompile Include="Timer.cpp">
      <Filter>Core\Manager\Timer</Filter>
    </ClCompile>
    <ClCompile Include="3D.cpp">
      <Filter>Core\Main</Filter>
    </ClCompile>
    <ClCompile Include="DXUT\Optional\SDKsound.cpp">
      <Filter>Core\DXUT</Filter>
    </ClCompile>
    <ClCompile Include="DXUT\Optional\SDKwavefile.cpp">
      <Filter>Core\DXUT</Filter>
    </ClCompile>
    <ClCompile Include="SoundManager.cpp">
      <Filter>Core\Manager\Sound</Filter>
    </ClCompile>
    <ClCompile Include="ExObject.cpp" />
    <ClCompile Include="ExScene.cpp" />
  </ItemGroup>
  <ItemGroup>
    <CLInclude Include="resource.h">
      <Filter>Core\Resource Files</Filter>
    </CLInclude>
    <ResourceCompile Include="3D.rc">
      <Filter>Core\Resource Files</Filter>
    </ResourceCompile>
    <ClInclude Include="main.h">
      <Filter>Core\Main</Filter>
    </ClInclude>
    <ClInclude Include="cRenderManager.h">
      <Filter>Core\Manager\3DRender</Filter>
    </ClInclude>
    <ClInclude Include="cImageManager.h">
      <Filter>Core\Manager\Loader</Filter>
    </ClInclude>
    <ClInclude Include="Render2DManager.h">
      <Filter>Core\Manager\2DRender</Filter>
    </ClInclude>
    <ClInclude Include="Scene.h">
      <Filter>Core\Manager\Scene</Filter>
    </ClInclude>
    <ClInclude Include="SceneManager.h">
      <Filter>Core\Manager\Scene</Filter>
    </ClInclude>
    <ClInclude Include="ObjectManager.h">
      <Filter>Core\Manager\Object</Filter>
    </ClInclude>
    <ClInclude Include="Object.h">
      <Filter>Core\Manager\Object</Filter>
    </ClInclude>
    <ClInclude Include="cMeshLoader.h">
      <Filter>Core\Manager\Loader</Filter>
    </ClInclude>
    <ClInclude Include="CamManager.h">
      <Filter>Core\Manager\Cam</Filter>
    </ClInclude>
    <ClInclude Include="Timer.h">
      <Filter>Core\Manager\Timer</Filter>
    </ClInclude>
    <ClInclude Include="singleton.h">
      <Filter>Core\Manager</Filter>
    </ClInclude>
    <ClInclude Include="stdafx.h">
      <Filter>Core\Main</Filter>
    </ClInclude>
    <ClInclude Include="DXUT\Optional\SDKsound.h">
      <Filter>Core\DXUT</Filter>
    </ClInclude>
    <ClInclude Include="DXUT\Optional\SDKwavefile.h">
      <Filter>Core\DXUT</Filter>
    </ClInclude>
    <ClInclude Include="SoundManager.h">
      <Filter>Core\Manager\Sound</Filter>
    </ClInclude>
    <ClInclude Include="ExObject.h" />
    <ClInclude Include="ExScene.h" />
  </ItemGroup>
  <ItemGroup>
  </ItemGroup>
</Project>